
Microsoft Visual Studio Solution File, Format Version 12.00
# Visual Studio Version 17
VisualStudioVersion = 17.6.33712.159
MinimumVisualStudioVersion = 10.0.40219.1
Project("{2150E333-8FDC-42A3-9474-1A3956D46DE8}") = "Internal", "Internal", "{75D8403A-FFBA-4997-8380-67CC12F4E62E}"
EndProject
Project("{2150E333-8FDC-42A3-9474-1A3956D46DE8}") = "Scripts", "Scripts", "{58554BA5-4AA5-4BD3-B3DE-D94358AC9A19}"
EndProject
Project("{2150E333-8FDC-42A3-9474-1A3956D46DE8}") = "Dlls", "Dlls", "{4CBECF74-4D2A-48A4-82FB-6234C83C7A93}"
	ProjectSection(SolutionItems) = preProject
		Dlls\readme.txt = Dlls\readme.txt
	EndProjectSection
EndProject
Project("{2150E333-8FDC-42A3-9474-1A3956D46DE8}") = "Documentation", "Documentation", "{2D916DED-1E95-414C-B20C-2FC57B1441F4}"
	ProjectSection(SolutionItems) = preProject
		Documentation\readme.txt = Documentation\readme.txt
	EndProjectSection
EndProject
Project("{2150E333-8FDC-42A3-9474-1A3956D46DE8}") = "Code Analysis", "Code Analysis", "{E01B3D8A-4936-4E78-AD55-68066CC1807D}"
	ProjectSection(SolutionItems) = preProject
		Internal\Code Analysis\qaction-debug.ruleset = Internal\Code Analysis\qaction-debug.ruleset
		Internal\Code Analysis\qaction-release.ruleset = Internal\Code Analysis\qaction-release.ruleset
	EndProjectSection
EndProject
Project("{2150E333-8FDC-42A3-9474-1A3956D46DE8}") = "EmpowerMaoShanWang", "EmpowerMaoShanWang", "{015C7424-39F6-42CE-9C05-F987039BE14E}"
	ProjectSection(SolutionItems) = preProject
		EmpowerMaoShanWang.xml = EmpowerMaoShanWang.xml
	EndProjectSection
EndProject
Project("{2150E333-8FDC-42A3-9474-1A3956D46DE8}") = "Actions", "Actions", "{996E9481-448D-4656-869C-EAF7CA2A94A9}"
EndProject
Project("{FAE04EC0-301F-11D3-BF4B-00C04F79EFBC}") = "EmpowerMaoShanWang_1", "EmpowerMaoShanWang_1\EmpowerMaoShanWang_1.csproj", "{6CB9CFD0-3CC2-428A-B0BD-3CCAB23B76A9}"
EndProject
Global
	GlobalSection(SolutionConfigurationPlatforms) = preSolution
		Debug|Any CPU = Debug|Any CPU
		Release|Any CPU = Release|Any CPU
	EndGlobalSection
	GlobalSection(ProjectConfigurationPlatforms) = postSolution
		{6CB9CFD0-3CC2-428A-B0BD-3CCAB23B76A9}.Debug|Any CPU.ActiveCfg = Debug|Any CPU
		{6CB9CFD0-3CC2-428A-B0BD-3CCAB23B76A9}.Debug|Any CPU.Build.0 = Debug|Any CPU
		{6CB9CFD0-3CC2-428A-B0BD-3CCAB23B76A9}.Release|Any CPU.ActiveCfg = Release|Any CPU
		{6CB9CFD0-3CC2-428A-B0BD-3CCAB23B76A9}.Release|Any CPU.Build.0 = Release|Any CPU
	EndGlobalSection
	GlobalSection(SolutionProperties) = preSolution
		HideSolutionNode = FALSE
	EndGlobalSection
	GlobalSection(NestedProjects) = preSolution
		{E01B3D8A-4936-4E78-AD55-68066CC1807D} = {75D8403A-FFBA-4997-8380-67CC12F4E62E}
		{015C7424-39F6-42CE-9C05-F987039BE14E} = {58554BA5-4AA5-4BD3-B3DE-D94358AC9A19}
		{996E9481-448D-4656-869C-EAF7CA2A94A9} = {015C7424-39F6-42CE-9C05-F987039BE14E}
		{6CB9CFD0-3CC2-428A-B0BD-3CCAB23B76A9} = {996E9481-448D-4656-869C-EAF7CA2A94A9}
	EndGlobalSection
	GlobalSection(ExtensibilityGlobals) = postSolution
		SolutionGuid = {C36016D4-4198-46A7-A078-C309EDDE20AB}
	EndGlobalSection
EndGlobal
